
Microsoft Visual Studio Solution File, Format Version 12.00
# Visual Studio 15
VisualStudioVersion = 15.0.27703.2026
MinimumVisualStudioVersion = 10.0.40219.1
Project("{FAE04EC0-301F-11D3-BF4B-00C04F79EFBC}") = "PostAppVeyor", "PostAppVeyor\PostAppVeyor.csproj", "{06E2FC70-A629-413C-9ADC-4489024970D6}"
EndProject
Project("{FAE04EC0-301F-11D3-BF4B-00C04F79EFBC}") = "PostUnitaryTest", "PostUnitaryTest\PostUnitaryTest.csproj", "{B1693917-E79F-4BE4-A79A-2EBDF8FB8627}"
EndProject
Global
	GlobalSection(SolutionConfigurationPlatforms) = preSolution
		Debug|Any CPU = Debug|Any CPU
		Release|Any CPU = Release|Any CPU
	EndGlobalSection
	GlobalSection(ProjectConfigurationPlatforms) = postSolution
		{06E2FC70-A629-413C-9ADC-4489024970D6}.Debug|Any CPU.ActiveCfg = Debug|Any CPU
		{06E2FC70-A629-413C-9ADC-4489024970D6}.Debug|Any CPU.Build.0 = Debug|Any CPU
		{06E2FC70-A629-413C-9ADC-4489024970D6}.Release|Any CPU.ActiveCfg = Release|Any CPU
		{06E2FC70-A629-413C-9ADC-4489024970D6}.Release|Any CPU.Build.0 = Release|Any CPU
		{B1693917-E79F-4BE4-A79A-2EBDF8FB8627}.Debug|Any CPU.ActiveCfg = Debug|Any CPU
		{B1693917-E79F-4BE4-A79A-2EBDF8FB8627}.Debug|Any CPU.Build.0 = Debug|Any CPU
		{B1693917-E79F-4BE4-A79A-2EBDF8FB8627}.Release|Any CPU.ActiveCfg = Release|Any CPU
		{B1693917-E79F-4BE4-A79A-2EBDF8FB8627}.Release|Any CPU.Build.0 = Release|Any CPU
	EndGlobalSection
	GlobalSection(SolutionProperties) = preSolution
		HideSolutionNode = FALSE
	EndGlobalSection
	GlobalSection(ExtensibilityGlobals) = postSolution
		SolutionGuid = {5D5EEA2F-2D27-4A6D-BF41-06E1940F1F1B}
	EndGlobalSection
EndGlobal
